
Microsoft Visual Studio Solution File, Format Version 12.00
# Visual Studio Version 17
VisualStudioVersion = 17.8.34525.116
MinimumVisualStudioVersion = 10.0.40219.1
Project("{FAE04EC0-301F-11D3-BF4B-00C04F79EFBC}") = "AlumnosAPI", "AlumnosAPI\AlumnosAPI.csproj", "{287DBDDC-182B-43E4-B7BD-7ABFD6267A12}"
EndProject
Global
	GlobalSection(SolutionConfigurationPlatforms) = preSolution
		Debug|Any CPU = Debug|Any CPU
		Release|Any CPU = Release|Any CPU
	EndGlobalSection
	GlobalSection(ProjectConfigurationPlatforms) = postSolution
		{287DBDDC-182B-43E4-B7BD-7ABFD6267A12}.Debug|Any CPU.ActiveCfg = Debug|Any CPU
		{287DBDDC-182B-43E4-B7BD-7ABFD6267A12}.Debug|Any CPU.Build.0 = Debug|Any CPU
		{287DBDDC-182B-43E4-B7BD-7ABFD6267A12}.Release|Any CPU.ActiveCfg = Release|Any CPU
		{287DBDDC-182B-43E4-B7BD-7ABFD6267A12}.Release|Any CPU.Build.0 = Release|Any CPU
	EndGlobalSection
	GlobalSection(SolutionProperties) = preSolution
		HideSolutionNode = FALSE
	EndGlobalSection
	GlobalSection(ExtensibilityGlobals) = postSolution
		SolutionGuid = {C846120A-2B10-46C0-A1B3-648A24443319}
	EndGlobalSection
EndGlobal
