
Microsoft Visual Studio Solution File, Format Version 12.00
# Visual Studio Version 17
VisualStudioVersion = 17.7.34031.279
MinimumVisualStudioVersion = 10.0.40219.1
Project("{FAE04EC0-301F-11D3-BF4B-00C04F79EFBC}") = "ProyectoFutbol", "ProyectoFutbol\ProyectoFutbol.csproj", "{4F777853-D789-4FD5-902C-57A621A8178D}"
EndProject
Project("{FAE04EC0-301F-11D3-BF4B-00C04F79EFBC}") = "Modelos", "Modelos\Modelos.csproj", "{8BCBB1B4-FDE9-42AA-85E5-BFC18627BF4E}"
EndProject
Project("{FAE04EC0-301F-11D3-BF4B-00C04F79EFBC}") = "Services", "Services\Services.csproj", "{06924807-2DCF-45AE-8C53-58082CB25318}"
EndProject
Global
	GlobalSection(SolutionConfigurationPlatforms) = preSolution
		Debug|Any CPU = Debug|Any CPU
		Release|Any CPU = Release|Any CPU
	EndGlobalSection
	GlobalSection(ProjectConfigurationPlatforms) = postSolution
		{4F777853-D789-4FD5-902C-57A621A8178D}.Debug|Any CPU.ActiveCfg = Debug|Any CPU
		{4F777853-D789-4FD5-902C-57A621A8178D}.Debug|Any CPU.Build.0 = Debug|Any CPU
		{4F777853-D789-4FD5-902C-57A621A8178D}.Release|Any CPU.ActiveCfg = Release|Any CPU
		{4F777853-D789-4FD5-902C-57A621A8178D}.Release|Any CPU.Build.0 = Release|Any CPU
		{8BCBB1B4-FDE9-42AA-85E5-BFC18627BF4E}.Debug|Any CPU.ActiveCfg = Debug|Any CPU
		{8BCBB1B4-FDE9-42AA-85E5-BFC18627BF4E}.Debug|Any CPU.Build.0 = Debug|Any CPU
		{8BCBB1B4-FDE9-42AA-85E5-BFC18627BF4E}.Release|Any CPU.ActiveCfg = Release|Any CPU
		{8BCBB1B4-FDE9-42AA-85E5-BFC18627BF4E}.Release|Any CPU.Build.0 = Release|Any CPU
		{06924807-2DCF-45AE-8C53-58082CB25318}.Debug|Any CPU.ActiveCfg = Debug|Any CPU
		{06924807-2DCF-45AE-8C53-58082CB25318}.Debug|Any CPU.Build.0 = Debug|Any CPU
		{06924807-2DCF-45AE-8C53-58082CB25318}.Release|Any CPU.ActiveCfg = Release|Any CPU
		{06924807-2DCF-45AE-8C53-58082CB25318}.Release|Any CPU.Build.0 = Release|Any CPU
	EndGlobalSection
	GlobalSection(SolutionProperties) = preSolution
		HideSolutionNode = FALSE
	EndGlobalSection
	GlobalSection(ExtensibilityGlobals) = postSolution
		SolutionGuid = {95C3BEB9-4C73-452F-AA13-D7B39A2C4585}
	EndGlobalSection
EndGlobal
