
Microsoft Visual Studio Solution File, Format Version 12.00
# Visual Studio Version 17
VisualStudioVersion = 17.7.34031.279
MinimumVisualStudioVersion = 10.0.40219.1
Project("{FAE04EC0-301F-11D3-BF4B-00C04F79EFBC}") = "LiamRamiro", "LiamRamiro\LiamRamiro.csproj", "{B76BDCFD-8E82-4504-AFEF-5F6C7FD8D922}"
EndProject
Project("{FAE04EC0-301F-11D3-BF4B-00C04F79EFBC}") = "Modelos", "Modelos\Modelos.csproj", "{C9406D10-BD6A-46DE-B6C6-BF0C4B74DC91}"
EndProject
Project("{FAE04EC0-301F-11D3-BF4B-00C04F79EFBC}") = "Services", "Services\Services.csproj", "{88AC6F7C-9DCC-4B8B-B338-2C4C0EFA792E}"
EndProject
Global
	GlobalSection(SolutionConfigurationPlatforms) = preSolution
		Debug|Any CPU = Debug|Any CPU
		Release|Any CPU = Release|Any CPU
	EndGlobalSection
	GlobalSection(ProjectConfigurationPlatforms) = postSolution
		{B76BDCFD-8E82-4504-AFEF-5F6C7FD8D922}.Debug|Any CPU.ActiveCfg = Debug|Any CPU
		{B76BDCFD-8E82-4504-AFEF-5F6C7FD8D922}.Debug|Any CPU.Build.0 = Debug|Any CPU
		{B76BDCFD-8E82-4504-AFEF-5F6C7FD8D922}.Release|Any CPU.ActiveCfg = Release|Any CPU
		{B76BDCFD-8E82-4504-AFEF-5F6C7FD8D922}.Release|Any CPU.Build.0 = Release|Any CPU
		{C9406D10-BD6A-46DE-B6C6-BF0C4B74DC91}.Debug|Any CPU.ActiveCfg = Debug|Any CPU
		{C9406D10-BD6A-46DE-B6C6-BF0C4B74DC91}.Debug|Any CPU.Build.0 = Debug|Any CPU
		{C9406D10-BD6A-46DE-B6C6-BF0C4B74DC91}.Release|Any CPU.ActiveCfg = Release|Any CPU
		{C9406D10-BD6A-46DE-B6C6-BF0C4B74DC91}.Release|Any CPU.Build.0 = Release|Any CPU
		{88AC6F7C-9DCC-4B8B-B338-2C4C0EFA792E}.Debug|Any CPU.ActiveCfg = Debug|Any CPU
		{88AC6F7C-9DCC-4B8B-B338-2C4C0EFA792E}.Debug|Any CPU.Build.0 = Debug|Any CPU
		{88AC6F7C-9DCC-4B8B-B338-2C4C0EFA792E}.Release|Any CPU.ActiveCfg = Release|Any CPU
		{88AC6F7C-9DCC-4B8B-B338-2C4C0EFA792E}.Release|Any CPU.Build.0 = Release|Any CPU
	EndGlobalSection
	GlobalSection(SolutionProperties) = preSolution
		HideSolutionNode = FALSE
	EndGlobalSection
	GlobalSection(ExtensibilityGlobals) = postSolution
		SolutionGuid = {DB60900E-65AA-46BE-87D1-6920126AAFB8}
	EndGlobalSection
EndGlobal
