
Microsoft Visual Studio Solution File, Format Version 12.00
# Visual Studio Version 17
VisualStudioVersion = 17.7.34031.279
MinimumVisualStudioVersion = 10.0.40219.1
Project("{FAE04EC0-301F-11D3-BF4B-00C04F79EFBC}") = "ProyectoExamen", "ProyectoExamen\ProyectoExamen.csproj", "{21ED07D0-5FB4-4965-8BD5-C1C7BFCF69C7}"
EndProject
Project("{FAE04EC0-301F-11D3-BF4B-00C04F79EFBC}") = "Modelos", "Modelos\Modelos.csproj", "{8BDD50DB-F085-469E-807E-A7AB652DEC3A}"
EndProject
Project("{FAE04EC0-301F-11D3-BF4B-00C04F79EFBC}") = "Services", "Services\Services.csproj", "{78024BB7-1507-446C-94D6-93BF6EC6995B}"
EndProject
Global
	GlobalSection(SolutionConfigurationPlatforms) = preSolution
		Debug|Any CPU = Debug|Any CPU
		Release|Any CPU = Release|Any CPU
	EndGlobalSection
	GlobalSection(ProjectConfigurationPlatforms) = postSolution
		{21ED07D0-5FB4-4965-8BD5-C1C7BFCF69C7}.Debug|Any CPU.ActiveCfg = Debug|Any CPU
		{21ED07D0-5FB4-4965-8BD5-C1C7BFCF69C7}.Debug|Any CPU.Build.0 = Debug|Any CPU
		{21ED07D0-5FB4-4965-8BD5-C1C7BFCF69C7}.Release|Any CPU.ActiveCfg = Release|Any CPU
		{21ED07D0-5FB4-4965-8BD5-C1C7BFCF69C7}.Release|Any CPU.Build.0 = Release|Any CPU
		{8BDD50DB-F085-469E-807E-A7AB652DEC3A}.Debug|Any CPU.ActiveCfg = Debug|Any CPU
		{8BDD50DB-F085-469E-807E-A7AB652DEC3A}.Debug|Any CPU.Build.0 = Debug|Any CPU
		{8BDD50DB-F085-469E-807E-A7AB652DEC3A}.Release|Any CPU.ActiveCfg = Release|Any CPU
		{8BDD50DB-F085-469E-807E-A7AB652DEC3A}.Release|Any CPU.Build.0 = Release|Any CPU
		{78024BB7-1507-446C-94D6-93BF6EC6995B}.Debug|Any CPU.ActiveCfg = Debug|Any CPU
		{78024BB7-1507-446C-94D6-93BF6EC6995B}.Debug|Any CPU.Build.0 = Debug|Any CPU
		{78024BB7-1507-446C-94D6-93BF6EC6995B}.Release|Any CPU.ActiveCfg = Release|Any CPU
		{78024BB7-1507-446C-94D6-93BF6EC6995B}.Release|Any CPU.Build.0 = Release|Any CPU
	EndGlobalSection
	GlobalSection(SolutionProperties) = preSolution
		HideSolutionNode = FALSE
	EndGlobalSection
	GlobalSection(ExtensibilityGlobals) = postSolution
		SolutionGuid = {AA3BFCF1-E0C0-4A85-B709-2FFBB6890C9E}
	EndGlobalSection
EndGlobal
